
Microsoft Visual Studio Solution File, Format Version 11.00
# Visual Studio 2010
Project("{8BC9CEB8-8B4A-11D0-8D11-00A0C91BC942}") = "Intorduction to Algorithms", "Intorduction to Algorithms\Intorduction to Algorithms.vcxproj", "{3CEDCAAC-AB51-47CF-A1E6-F6E1055E134E}"
EndProject
Project("{2150E333-8FDC-42A3-9474-1A3956D46DE8}") = "Notes", "Notes", "{25FD6C7F-F6E0-4B0C-A4EE-9425F4E6DB07}"
EndProject
Global
	GlobalSection(SubversionScc) = preSolution
		Svn-Managed = True
		Manager = AnkhSVN - Subversion Support for Visual Studio
	EndGlobalSection
	GlobalSection(SolutionConfigurationPlatforms) = preSolution
		Debug|Win32 = Debug|Win32
		Release|Win32 = Release|Win32
	EndGlobalSection
	GlobalSection(ProjectConfigurationPlatforms) = postSolution
		{3CEDCAAC-AB51-47CF-A1E6-F6E1055E134E}.Debug|Win32.ActiveCfg = Debug|Win32
		{3CEDCAAC-AB51-47CF-A1E6-F6E1055E134E}.Debug|Win32.Build.0 = Debug|Win32
		{3CEDCAAC-AB51-47CF-A1E6-F6E1055E134E}.Release|Win32.ActiveCfg = Release|Win32
		{3CEDCAAC-AB51-47CF-A1E6-F6E1055E134E}.Release|Win32.Build.0 = Release|Win32
	EndGlobalSection
	GlobalSection(SolutionProperties) = preSolution
		HideSolutionNode = FALSE
	EndGlobalSection
EndGlobal
