<?xml version="1.0" encoding="utf-8"?>
<Project ToolsVersion="4.0" xmlns="http://schemas.microsoft.com/developer/msbuild/2003">
  <ItemGroup>
    <Filter Include="源文件">
      <UniqueIdentifier>{4FC737F1-C7A5-4376-A066-2A32D752A2FF}</UniqueIdentifier>
      <Extensions>cpp;c;cc;cxx;def;odl;idl;hpj;bat;asm;asmx</Extensions>
    </Filter>
    <Filter Include="头文件">
      <UniqueIdentifier>{93995380-89BD-4b04-88EB-625FBE52EBFB}</UniqueIdentifier>
      <Extensions>h;hpp;hxx;hm;inl;inc;xsd</Extensions>
    </Filter>
    <Filter Include="资源文件">
      <UniqueIdentifier>{67DA6AB6-F800-4c08-8B7A-83BB121AAD01}</UniqueIdentifier>
      <Extensions>rc;ico;cur;bmp;dlg;rc2;rct;bin;rgs;gif;jpg;jpeg;jpe;resx;tiff;tif;png;wav;mfcribbon-ms</Extensions>
    </Filter>
    <Filter Include="Chapter7">
      <UniqueIdentifier>{a6fa2746-29a7-4c70-852b-1e338d9098ec}</UniqueIdentifier>
    </Filter>
    <Filter Include="Chapter6">
      <UniqueIdentifier>{0584a131-d678-4a3b-943e-dbea4d7f37be}</UniqueIdentifier>
    </Filter>
    <Filter Include="Chapter15">
      <UniqueIdentifier>{b5520f27-5746-49da-8012-6aa7d787f811}</UniqueIdentifier>
    </Filter>
    <Filter Include="Chapter8">
      <UniqueIdentifier>{b8b8d1d2-a687-4adb-aa3b-71e6f2e9ad8f}</UniqueIdentifier>
    </Filter>
    <Filter Include="Chapter9">
      <UniqueIdentifier>{0af3fa6b-cdfd-4322-a0f7-d27045280da8}</UniqueIdentifier>
    </Filter>
    <Filter Include="Chapter11">
      <UniqueIdentifier>{769f6a87-2471-406d-908f-34e074d2016d}</UniqueIdentifier>
    </Filter>
    <Filter Include="Chapter12">
      <UniqueIdentifier>{fd4b45b3-0fee-4891-a457-b81bc3f7769d}</UniqueIdentifier>
    </Filter>
    <Filter Include="Chapter13">
      <UniqueIdentifier>{3d276951-d400-48ce-b355-852d6da96b4f}</UniqueIdentifier>
    </Filter>
  </ItemGroup>
  <ItemGroup>
    <None Include="ReadMe.txt" />
  </ItemGroup>
  <ItemGroup>
    <ClInclude Include="stdafx.h">
      <Filter>头文件</Filter>
    </ClInclude>
    <ClInclude Include="targetver.h">
      <Filter>头文件</Filter>
    </ClInclude>
  </ItemGroup>
  <ItemGroup>
    <ClCompile Include="stdafx.cpp">
      <Filter>源文件</Filter>
    </ClCompile>
    <ClCompile Include="Intorduction to Algorithms.cpp">
      <Filter>源文件</Filter>
    </ClCompile>
    <ClCompile Include="quick_sort.cpp">
      <Filter>Chapter7</Filter>
    </ClCompile>
    <ClCompile Include="heap_sort.cpp">
      <Filter>Chapter6</Filter>
    </ClCompile>
    <ClCompile Include="dynamic_programming.cpp">
      <Filter>Chapter15</Filter>
    </ClCompile>
    <ClCompile Include="linear_sort.cpp">
      <Filter>Chapter8</Filter>
    </ClCompile>
    <ClCompile Include="nth_element.cpp">
      <Filter>Chapter9</Filter>
    </ClCompile>
    <ClCompile Include="hash_table.cpp">
      <Filter>Chapter11</Filter>
    </ClCompile>
    <ClCompile Include="binary_search_tree.cpp">
      <Filter>Chapter12</Filter>
    </ClCompile>
    <ClCompile Include="red_black_tree.cpp">
      <Filter>Chapter13</Filter>
    </ClCompile>
  </ItemGroup>
</Project>